# This file is automatically @generated by Cargo.
# It is not intended for manual editing.
version = 4

[[package]]
name = "canonicalizer"
version = "0.0.0"
dependencies = [
 "flat-tree",
]

[[package]]
name = "flat-tree"
version = "0.0.0"

[[package]]
name = "xml-canonical"
version = "0.1.0"
dependencies = [
 "canonicalizer",
 "flat-tree",
]
